
Microsoft Visual Studio Solution File, Format Version 12.00
# Visual Studio 15
VisualStudioVersion = 15.0.27703.2000
MinimumVisualStudioVersion = 10.0.40219.1
Project("{FAE04EC0-301F-11D3-BF4B-00C04F79EFBC}") = "NewsPublisherApplication", "NewsPublisherApplication\NewsPublisherApplication.csproj", "{DCF14B1C-031F-494F-A683-57D533165890}"
EndProject
Global
	GlobalSection(SolutionConfigurationPlatforms) = preSolution
		Debug|Any CPU = Debug|Any CPU
		Release|Any CPU = Release|Any CPU
	EndGlobalSection
	GlobalSection(ProjectConfigurationPlatforms) = postSolution
		{DCF14B1C-031F-494F-A683-57D533165890}.Debug|Any CPU.ActiveCfg = Debug|Any CPU
		{DCF14B1C-031F-494F-A683-57D533165890}.Debug|Any CPU.Build.0 = Debug|Any CPU
		{DCF14B1C-031F-494F-A683-57D533165890}.Release|Any CPU.ActiveCfg = Release|Any CPU
		{DCF14B1C-031F-494F-A683-57D533165890}.Release|Any CPU.Build.0 = Release|Any CPU
	EndGlobalSection
	GlobalSection(SolutionProperties) = preSolution
		HideSolutionNode = FALSE
	EndGlobalSection
	GlobalSection(ExtensibilityGlobals) = postSolution
		SolutionGuid = {C5FC4530-49E8-4358-B07F-71009A236728}
	EndGlobalSection
EndGlobal
